// !$*UTF8*$!
{
	archiveVersion = 1;
	classes = {
	};
	objectVersion = 50;
	objects = {

/* Begin PBXBuildFile section */
		0628A21822BD55C8006ABADB /* AppDelegate.swift in Sources */ = {isa = PBXBuildFile; fileRef = 0628A21722BD55C8006ABADB /* AppDelegate.swift */; };
		0628A21A22BD55C8006ABADB /* ViewController.swift in Sources */ = {isa = PBXBuildFile; fileRef = 0628A21922BD55C8006ABADB /* ViewController.swift */; };
		0628A21D22BD55C8006ABADB /* Main.storyboard in Resources */ = {isa = PBXBuildFile; fileRef = 0628A21B22BD55C8006ABADB /* Main.storyboard */; };
		0628A21F22BD55C9006ABADB /* Assets.xcassets in Resources */ = {isa = PBXBuildFile; fileRef = 0628A21E22BD55C9006ABADB /* Assets.xcassets */; };
		0628A22222BD55C9006ABADB /* LaunchScreen.storyboard in Resources */ = {isa = PBXBuildFile; fileRef = 0628A22022BD55C9006ABADB /* LaunchScreen.storyboard */; };
		0628A22D22BD55C9006ABADB /* BrowserDemoTests.swift in Sources */ = {isa = PBXBuildFile; fileRef = 0628A22C22BD55C9006ABADB /* BrowserDemoTests.swift */; };
		0628A23822BD55C9006ABADB /* BrowserDemoUITests.swift in Sources */ = {isa = PBXBuildFile; fileRef = 0628A23722BD55C9006ABADB /* BrowserDemoUITests.swift */; };
		0628A24722BD60F4006ABADB /* WebKit.framework in Frameworks */ = {isa = PBXBuildFile; fileRef = 0628A24622BD60F4006ABADB /* WebKit.framework */; };
/* End PBXBuildFile section */

/* Begin PBXContainerItemProxy section */
		0628A22922BD55C9006ABADB /* PBXContainerItemProxy */ = {
			isa = PBXContainerItemProxy;
			containerPortal = 0628A20C22BD55C8006ABADB /* Project object */;
			proxyType = 1;
			remoteGlobalIDString = 0628A21322BD55C8006ABADB;
			remoteInfo = BrowserDemo;
		};
		0628A23422BD55C9006ABADB /* PBXContainerItemProxy */ = {
			isa = PBXContainerItemProxy;
			containerPortal = 0628A20C22BD55C8006ABADB /* Project object */;
			proxyType = 1;
			remoteGlobalIDString = 0628A21322BD55C8006ABADB;
			remoteInfo = BrowserDemo;
		};
/* End PBXContainerItemProxy section */

/* Begin PBXFileReference section */
		0628A21422BD55C8006ABADB /* BrowserDemo.app */ = {isa = PBXFileReference; explicitFileType = wrapper.application; includeInIndex = 0; path = BrowserDemo.app; sourceTree = BUILT_PRODUCTS_DIR; };
		0628A21722BD55C8006ABADB /* AppDelegate.swift */ = {isa = PBXFileReference; lastKnownFileType = sourcecode.swift; path = AppDelegate.swift; sourceTree = "<group>"; };
		0628A21922BD55C8006ABADB /* ViewController.swift */ = {isa = PBXFileReference; lastKnownFileType = sourcecode.swift; path = ViewController.swift; sourceTree = "<group>"; };
		0628A21C22BD55C8006ABADB /* Base */ = {isa = PBXFileReference; lastKnownFileType = file.storyboard; name = Base; path = Base.lproj/Main.storyboard; sourceTree = "<group>"; };
		0628A21E22BD55C9006ABADB /* Assets.xcassets */ = {isa = PBXFileReference; lastKnownFileType = folder.assetcatalog; path = Assets.xcassets; sourceTree = "<group>"; };
		0628A22122BD55C9006ABADB /* Base */ = {isa = PBXFileReference; lastKnownFileType = file.storyboard; name = Base; path = Base.lproj/LaunchScreen.storyboard; sourceTree = "<group>"; };
		0628A22322BD55C9006ABADB /* Info.plist */ = {isa = PBXFileReference; lastKnownFileType = text.plist.xml; path = Info.plist; sourceTree = "<group>"; };
		0628A22822BD55C9006ABADB /* BrowserDemoTests.xctest */ = {isa = PBXFileReference; explicitFileType = wrapper.cfbundle; includeInIndex = 0; path = BrowserDemoTests.xctest; sourceTree = BUILT_PRODUCTS_DIR; };
		0628A22C22BD55C9006ABADB /* BrowserDemoTests.swift */ = {isa = PBXFileReference; lastKnownFileType = sourcecode.swift; path = BrowserDemoTests.swift; sourceTree = "<group>"; };
		0628A22E22BD55C9006ABADB /* Info.plist */ = {isa = PBXFileReference; lastKnownFileType = text.plist.xml; path = Info.plist; sourceTree = "<group>"; };
		0628A23322BD55C9006ABADB /* BrowserDemoUITests.xctest */ = {isa = PBXFileReference; explicitFileType = wrapper.cfbundle; includeInIndex = 0; path = BrowserDemoUITests.xctest; sourceTree = BUILT_PRODUCTS_DIR; };
		0628A23722BD55C9006ABADB /* BrowserDemoUITests.swift */ = {isa = PBXFileReference; lastKnownFileType = sourcecode.swift; path = BrowserDemoUITests.swift; sourceTree = "<group>"; };
		0628A23922BD55C9006ABADB /* Info.plist */ = {isa = PBXFileReference; lastKnownFileType = text.plist.xml; path = Info.plist; sourceTree = "<group>"; };
		0628A24622BD60F4006ABADB /* WebKit.framework */ = {isa = PBXFileReference; lastKnownFileType = wrapper.framework; name = WebKit.framework; path = System/Library/Frameworks/WebKit.framework; sourceTree = SDKROOT; };
/* End PBXFileReference section */

/* Begin PBXFrameworksBuildPhase section */
		0628A21122BD55C8006ABADB /* Frameworks */ = {
			isa = PBXFrameworksBuildPhase;
			buildActionMask = 2147483647;
			files = (
				0628A24722BD60F4006ABADB /* WebKit.framework in Frameworks */,
			);
			runOnlyForDeploymentPostprocessing = 0;
		};
		0628A22522BD55C9006ABADB /* Frameworks */ = {
			isa = PBXFrameworksBuildPhase;
			buildActionMask = 2147483647;
			files = (
			);
			runOnlyForDeploymentPostprocessing = 0;
		};
		0628A23022BD55C9006ABADB /* Frameworks */ = {
			isa = PBXFrameworksBuildPhase;
			buildActionMask = 2147483647;
			files = (
			);
			runOnlyForDeploymentPostprocessing = 0;
		};
/* End PBXFrameworksBuildPhase section */

/* Begin PBXGroup section */
		0628A20B22BD55C8006ABADB = {
			isa = PBXGroup;
			children = (
				0628A21622BD55C8006ABADB /* BrowserDemo */,
				0628A22B22BD55C9006ABADB /* BrowserDemoTests */,
				0628A23622BD55C9006ABADB /* BrowserDemoUITests */,
				0628A21522BD55C8006ABADB /* Products */,
				0628A24522BD60F4006ABADB /* Frameworks */,
			);
			sourceTree = "<group>";
		};
		0628A21522BD55C8006ABADB /* Products */ = {
			isa = PBXGroup;
			children = (
				0628A21422BD55C8006ABADB /* BrowserDemo.app */,
				0628A22822BD55C9006ABADB /* BrowserDemoTests.xctest */,
				0628A23322BD55C9006ABADB /* BrowserDemoUITests.xctest */,
			);
			name = Products;
			sourceTree = "<group>";
		};
		0628A21622BD55C8006ABADB /* BrowserDemo */ = {
			isa = PBXGroup;
			children = (
				0628A21722BD55C8006ABADB /* AppDelegate.swift */,
				0628A21922BD55C8006ABADB /* ViewController.swift */,
				0628A21B22BD55C8006ABADB /* Main.storyboard */,
				0628A21E22BD55C9006ABADB /* Assets.xcassets */,
				0628A22022BD55C9006ABADB /* LaunchScreen.storyboard */,
				0628A22322BD55C9006ABADB /* Info.plist */,
			);
			path = BrowserDemo;
			sourceTree = "<group>";
		};
		0628A22B22BD55C9006ABADB /* BrowserDemoTests */ = {
			isa = PBXGroup;
			children = (
				0628A22C22BD55C9006ABADB /* BrowserDemoTests.swift */,
				0628A22E22BD55C9006ABADB /* Info.plist */,
			);
			path = BrowserDemoTests;
			sourceTree = "<group>";
		};
		0628A23622BD55C9006ABADB /* BrowserDemoUITests */ = {
			isa = PBXGroup;
			children = (
				0628A23722BD55C9006ABADB /* BrowserDemoUITests.swift */,
				0628A23922BD55C9006ABADB /* Info.plist */,
			);
			path = BrowserDemoUITests;
			sourceTree = "<group>";
		};
		0628A24522BD60F4006ABADB /* Frameworks */ = {
			isa = PBXGroup;
			children = (
				0628A24622BD60F4006ABADB /* WebKit.framework */,
			);
			name = Frameworks;
			sourceTree = "<group>";
		};
/* End PBXGroup section */

/* Begin PBXNativeTarget section */
		0628A21322BD55C8006ABADB /* BrowserDemo */ = {
			isa = PBXNativeTarget;
			buildConfigurationList = 0628A23C22BD55C9006ABADB /* Build configuration list for PBXNativeTarget "BrowserDemo" */;
			buildPhases = (
				0628A21022BD55C8006ABADB /* Sources */,
				0628A21122BD55C8006ABADB /* Frameworks */,
				0628A21222BD55C8006ABADB /* Resources */,
			);
			buildRules = (
			);
			dependencies = (
			);
			name = BrowserDemo;
			productName = BrowserDemo;
			productReference = 0628A21422BD55C8006ABADB /* BrowserDemo.app */;
			productType = "com.apple.product-type.application";
		};
		0628A22722BD55C9006ABADB /* BrowserDemoTests */ = {
			isa = PBXNativeTarget;
			buildConfigurationList = 0628A23F22BD55C9006ABADB /* Build configuration list for PBXNativeTarget "BrowserDemoTests" */;
			buildPhases = (
				0628A22422BD55C9006ABADB /* Sources */,
				0628A22522BD55C9006ABADB /* Frameworks */,
				0628A22622BD55C9006ABADB /* Resources */,
			);
			buildRules = (
			);
			dependencies = (
				0628A22A22BD55C9006ABADB /* PBXTargetDependency */,
			);
			name = BrowserDemoTests;
			productName = BrowserDemoTests;
			productReference = 0628A22822BD55C9006ABADB /* BrowserDemoTests.xctest */;
			productType = "com.apple.product-type.bundle.unit-test";
		};
		0628A23222BD55C9006ABADB /* BrowserDemoUITests */ = {
			isa = PBXNativeTarget;
			buildConfigurationList = 0628A24222BD55C9006ABADB /* Build configuration list for PBXNativeTarget "BrowserDemoUITests" */;
			buildPhases = (
				0628A22F22BD55C9006ABADB /* Sources */,
				0628A23022BD55C9006ABADB /* Frameworks */,
				0628A23122BD55C9006ABADB /* Resources */,
			);
			buildRules = (
			);
			dependencies = (
				0628A23522BD55C9006ABADB /* PBXTargetDependency */,
			);
			name = BrowserDemoUITests;
			productName = BrowserDemoUITests;
			productReference = 0628A23322BD55C9006ABADB /* BrowserDemoUITests.xctest */;
			productType = "com.apple.product-type.bundle.ui-testing";
		};
/* End PBXNativeTarget section */

/* Begin PBXProject section */
		0628A20C22BD55C8006ABADB /* Project object */ = {
			isa = PBXProject;
			attributes = {
				LastSwiftUpdateCheck = 1020;
				LastUpgradeCheck = 1020;
				ORGANIZATIONNAME = "Jennifer Lin";
				TargetAttributes = {
					0628A21322BD55C8006ABADB = {
						CreatedOnToolsVersion = 10.2.1;
					};
					0628A22722BD55C9006ABADB = {
						CreatedOnToolsVersion = 10.2.1;
						TestTargetID = 0628A21322BD55C8006ABADB;
					};
					0628A23222BD55C9006ABADB = {
						CreatedOnToolsVersion = 10.2.1;
						TestTargetID = 0628A21322BD55C8006ABADB;
					};
				};
			};
			buildConfigurationList = 0628A20F22BD55C8006ABADB /* Build configuration list for PBXProject "BrowserDemo" */;
			compatibilityVersion = "Xcode 9.3";
			developmentRegion = en;
			hasScannedForEncodings = 0;
			knownRegions = (
				en,
				Base,
			);
			mainGroup = 0628A20B22BD55C8006ABADB;
			productRefGroup = 0628A21522BD55C8006ABADB /* Products */;
			projectDirPath = "";
			projectRoot = "";
			targets = (
				0628A21322BD55C8006ABADB /* BrowserDemo */,
				0628A22722BD55C9006ABADB /* BrowserDemoTests */,
				0628A23222BD55C9006ABADB /* BrowserDemoUITests */,
			);
		};
/* End PBXProject section */

/* Begin PBXResourcesBuildPhase section */
		0628A21222BD55C8006ABADB /* Resources */ = {
			isa = PBXResourcesBuildPhase;
			buildActionMask = 2147483647;
			files = (
				0628A22222BD55C9006ABADB /* LaunchScreen.storyboard in Resources */,
				0628A21F22BD55C9006ABADB /* Assets.xcassets in Resources */,
				0628A21D22BD55C8006ABADB /* Main.storyboard in Resources */,
			);
			runOnlyForDeploymentPostprocessing = 0;
		};
		0628A22622BD55C9006ABADB /* Resources */ = {
			isa = PBXResourcesBuildPhase;
			buildActionMask = 2147483647;
			files = (
			);
			runOnlyForDeploymentPostprocessing = 0;
		};
		0628A23122BD55C9006ABADB /* Resources */ = {
			isa = PBXResourcesBuildPhase;
			buildActionMask = 2147483647;
			files = (
			);
			runOnlyForDeploymentPostprocessing = 0;
		};
/* End PBXResourcesBuildPhase section */

/* Begin PBXSourcesBuildPhase section */
		0628A21022BD55C8006ABADB /* Sources */ = {
			isa = PBXSourcesBuildPhase;
			buildActionMask = 2147483647;
			files = (
				0628A21A22BD55C8006ABADB /* ViewController.swift in Sources */,
				0628A21822BD55C8006ABADB /* AppDelegate.swift in Sources */,
			);
			runOnlyForDeploymentPostprocessing = 0;
		};
		0628A22422BD55C9006ABADB /* Sources */ = {
			isa = PBXSourcesBuildPhase;
			buildActionMask = 2147483647;
			files = (
				0628A22D22BD55C9006ABADB /* BrowserDemoTests.swift in Sources */,
			);
			runOnlyForDeploymentPostprocessing = 0;
		};
		0628A22F22BD55C9006ABADB /* Sources */ = {
			isa = PBXSourcesBuildPhase;
			buildActionMask = 2147483647;
			files = (
				0628A23822BD55C9006ABADB /* BrowserDemoUITests.swift in Sources */,
			);
			runOnlyForDeploymentPostprocessing = 0;
		};
/* End PBXSourcesBuildPhase section */

/* Begin PBXTargetDependency section */
		0628A22A22BD55C9006ABADB /* PBXTargetDependency */ = {
			isa = PBXTargetDependency;
			target = 0628A21322BD55C8006ABADB /* BrowserDemo */;
			targetProxy = 0628A22922BD55C9006ABADB /* PBXContainerItemProxy */;
		};
		0628A23522BD55C9006ABADB /* PBXTargetDependency */ = {
			isa = PBXTargetDependency;
			target = 0628A21322BD55C8006ABADB /* BrowserDemo */;
			targetProxy = 0628A23422BD55C9006ABADB /* PBXContainerItemProxy */;
		};
/* End PBXTargetDependency section */

/* Begin PBXVariantGroup section */
		0628A21B22BD55C8006ABADB /* Main.storyboard */ = {
			isa = PBXVariantGroup;
			children = (
				0628A21C22BD55C8006ABADB /* Base */,
			);
			name = Main.storyboard;
			sourceTree = "<group>";
		};
		0628A22022BD55C9006ABADB /* LaunchScreen.storyboard */ = {
			isa = PBXVariantGroup;
			children = (
				0628A22122BD55C9006ABADB /* Base */,
			);
			name = LaunchScreen.storyboard;
			sourceTree = "<group>";
		};
/* End PBXVariantGroup section */

/* Begin XCBuildConfiguration section */
		0628A23A22BD55C9006ABADB /* Debug */ = {
			isa = XCBuildConfiguration;
			buildSettings = {
				ALWAYS_SEARCH_USER_PATHS = NO;
				CLANG_ANALYZER_NONNULL = YES;
				CLANG_ANALYZER_NUMBER_OBJECT_CONVERSION = YES_AGGRESSIVE;
				CLANG_CXX_LANGUAGE_STANDARD = "gnu++14";
				CLANG_CXX_LIBRARY = "libc++";
				CLANG_ENABLE_MODULES = YES;
				CLANG_ENABLE_OBJC_ARC = YES;
				CLANG_ENABLE_OBJC_WEAK = YES;
				CLANG_WARN_BLOCK_CAPTURE_AUTORELEASING = YES;
				CLANG_WARN_BOOL_CONVERSION = YES;
				CLANG_WARN_COMMA = YES;
				CLANG_WARN_CONSTANT_CONVERSION = YES;
				CLANG_WARN_DEPRECATED_OBJC_IMPLEMENTATIONS = YES;
				CLANG_WARN_DIRECT_OBJC_ISA_USAGE = YES_ERROR;
				CLANG_WARN_DOCUMENTATION_COMMENTS = YES;
				CLANG_WARN_EMPTY_BODY = YES;
				CLANG_WARN_ENUM_CONVERSION = YES;
				CLANG_WARN_INFINITE_RECURSION = YES;
				CLANG_WARN_INT_CONVERSION = YES;
				CLANG_WARN_NON_LITERAL_NULL_CONVERSION = YES;
				CLANG_WARN_OBJC_IMPLICIT_RETAIN_SELF = YES;
				CLANG_WARN_OBJC_LITERAL_CONVERSION = YES;
				CLANG_WARN_OBJC_ROOT_CLASS = YES_ERROR;
				CLANG_WARN_RANGE_LOOP_ANALYSIS = YES;
				CLANG_WARN_STRICT_PROTOTYPES = YES;
				CLANG_WARN_SUSPICIOUS_MOVE = YES;
				CLANG_WARN_UNGUARDED_AVAILABILITY = YES_AGGRESSIVE;
				CLANG_WARN_UNREACHABLE_CODE = YES;
				CLANG_WARN__DUPLICATE_METHOD_MATCH = YES;
				CODE_SIGN_IDENTITY = "iPhone Developer";
				COPY_PHASE_STRIP = NO;
				DEBUG_INFORMATION_FORMAT = dwarf;
				ENABLE_STRICT_OBJC_MSGSEND = YES;
				ENABLE_TESTABILITY = YES;
				GCC_C_LANGUAGE_STANDARD = gnu11;
				GCC_DYNAMIC_NO_PIC = NO;
				GCC_NO_COMMON_BLOCKS = YES;
				GCC_OPTIMIZATION_LEVEL = 0;
				GCC_PREPROCESSOR_DEFINITIONS = (
					"DEBUG=1",
					"$(inherited)",
				);
				GCC_WARN_64_TO_32_BIT_CONVERSION = YES;
				GCC_WARN_ABOUT_RETURN_TYPE = YES_ERROR;
				GCC_WARN_UNDECLARED_SELECTOR = YES;
				GCC_WARN_UNINITIALIZED_AUTOS = YES_AGGRESSIVE;
				GCC_WARN_UNUSED_FUNCTION = YES;
				GCC_WARN_UNUSED_VARIABLE = YES;
				IPHONEOS_DEPLOYMENT_TARGET = 12.2;
				MTL_ENABLE_DEBUG_INFO = INCLUDE_SOURCE;
				MTL_FAST_MATH = YES;
				ONLY_ACTIVE_ARCH = YES;
				SDKROOT = iphoneos;
				SWIFT_ACTIVE_COMPILATION_CONDITIONS = DEBUG;
				SWIFT_OPTIMIZATION_LEVEL = "-Onone";
			};
			name = Debug;
		};
		0628A23B22BD55C9006ABADB /* Release */ = {
			isa = XCBuildConfiguration;
			buildSettings = {
				ALWAYS_SEARCH_USER_PATHS = NO;
				CLANG_ANALYZER_NONNULL = YES;
				CLANG_ANALYZER_NUMBER_OBJECT_CONVERSION = YES_AGGRESSIVE;
				CLANG_CXX_LANGUAGE_STANDARD = "gnu++14";
				CLANG_CXX_LIBRARY = "libc++";
				CLANG_ENABLE_MODULES = YES;
				CLANG_ENABLE_OBJC_ARC = YES;
				CLANG_ENABLE_OBJC_WEAK = YES;
				CLANG_WARN_BLOCK_CAPTURE_AUTORELEASING = YES;
				CLANG_WARN_BOOL_CONVERSION = YES;
				CLANG_WARN_COMMA = YES;
				CLANG_WARN_CONSTANT_CONVERSION = YES;
				CLANG_WARN_DEPRECATED_OBJC_IMPLEMENTATIONS = YES;
				CLANG_WARN_DIRECT_OBJC_ISA_USAGE = YES_ERROR;
				CLANG_WARN_DOCUMENTATION_COMMENTS = YES;
				CLANG_WARN_EMPTY_BODY = YES;
				CLANG_WARN_ENUM_CONVERSION = YES;
				CLANG_WARN_INFINITE_RECURSION = YES;
				CLANG_WARN_INT_CONVERSION = YES;
				CLANG_WARN_NON_LITERAL_NULL_CONVERSION = YES;
				CLANG_WARN_OBJC_IMPLICIT_RETAIN_SELF = YES;
				CLANG_WARN_OBJC_LITERAL_CONVERSION = YES;
				CLANG_WARN_OBJC_ROOT_CLASS = YES_ERROR;
				CLANG_WARN_RANGE_LOOP_ANALYSIS = YES;
				CLANG_WARN_STRICT_PROTOTYPES = YES;
				CLANG_WARN_SUSPICIOUS_MOVE = YES;
				CLANG_WARN_UNGUARDED_AVAILABILITY = YES_AGGRESSIVE;
				CLANG_WARN_UNREACHABLE_CODE = YES;
				CLANG_WARN__DUPLICATE_METHOD_MATCH = YES;
				CODE_SIGN_IDENTITY = "iPhone Developer";
				COPY_PHASE_STRIP = NO;
				DEBUG_INFORMATION_FORMAT = "dwarf-with-dsym";
				ENABLE_NS_ASSERTIONS = NO;
				ENABLE_STRICT_OBJC_MSGSEND = YES;
				GCC_C_LANGUAGE_STANDARD = gnu11;
				GCC_NO_COMMON_BLOCKS = YES;
				GCC_WARN_64_TO_32_BIT_CONVERSION = YES;
				GCC_WARN_ABOUT_RETURN_TYPE = YES_ERROR;
				GCC_WARN_UNDECLARED_SELECTOR = YES;
				GCC_WARN_UNINITIALIZED_AUTOS = YES_AGGRESSIVE;
				GCC_WARN_UNUSED_FUNCTION = YES;
				GCC_WARN_UNUSED_VARIABLE = YES;
				IPHONEOS_DEPLOYMENT_TARGET = 12.2;
				MTL_ENABLE_DEBUG_INFO = NO;
				MTL_FAST_MATH = YES;
				SDKROOT = iphoneos;
				SWIFT_COMPILATION_MODE = wholemodule;
				SWIFT_OPTIMIZATION_LEVEL = "-O";
				VALIDATE_PRODUCT = YES;
			};
			name = Release;
		};
		0628A23D22BD55C9006ABADB /* Debug */ = {
			isa = XCBuildConfiguration;
			buildSettings = {
				ASSETCATALOG_COMPILER_APPICON_NAME = AppIcon;
				CODE_SIGN_STYLE = Automatic;
				DEVELOPMENT_TEAM = L96G5KY244;
				INFOPLIST_FILE = BrowserDemo/Info.plist;
				LD_RUNPATH_SEARCH_PATHS = (
					"$(inherited)",
					"@executable_path/Frameworks",
				);
				PRODUCT_BUNDLE_IDENTIFIER = edu.cjcu.BrowserDemo;
				PRODUCT_NAME = "$(TARGET_NAME)";
				SWIFT_VERSION = 5.0;
				TARGETED_DEVICE_FAMILY = "1,2";
			};
			name = Debug;
		};
		0628A23E22BD55C9006ABADB /* Release */ = {
			isa = XCBuildConfiguration;
			buildSettings = {
				ASSETCATALOG_COMPILER_APPICON_NAME = AppIcon;
				CODE_SIGN_STYLE = Automatic;
				DEVELOPMENT_TEAM = L96G5KY244;
				INFOPLIST_FILE = BrowserDemo/Info.plist;
				LD_RUNPATH_SEARCH_PATHS = (
					"$(inherited)",
					"@executable_path/Frameworks",
				);
				PRODUCT_BUNDLE_IDENTIFIER = edu.cjcu.BrowserDemo;
				PRODUCT_NAME = "$(TARGET_NAME)";
				SWIFT_VERSION = 5.0;
				TARGETED_DEVICE_FAMILY = "1,2";
			};
			name = Release;
		};
		0628A24022BD55C9006ABADB /* Debug */ = {
			isa = XCBuildConfiguration;
			buildSettings = {
				ALWAYS_EMBED_SWIFT_STANDARD_LIBRARIES = YES;
				BUNDLE_LOADER = "$(TEST_HOST)";
				CODE_SIGN_STYLE = Automatic;
				DEVELOPMENT_TEAM = L96G5KY244;
				INFOPLIST_FILE = BrowserDemoTests/Info.plist;
				LD_RUNPATH_SEARCH_PATHS = (
					"$(inherited)",
					"@executable_path/Frameworks",
					"@loader_path/Frameworks",
				);
				PRODUCT_BUNDLE_IDENTIFIER = edu.cjcu.BrowserDemoTests;
				PRODUCT_NAME = "$(TARGET_NAME)";
				SWIFT_VERSION = 5.0;
				TARGETED_DEVICE_FAMILY = "1,2";
				TEST_HOST = "$(BUILT_PRODUCTS_DIR)/BrowserDemo.app/BrowserDemo";
			};
			name = Debug;
		};
		0628A24122BD55C9006ABADB /* Release */ = {
			isa = XCBuildConfiguration;
			buildSettings = {
				ALWAYS_EMBED_SWIFT_STANDARD_LIBRARIES = YES;
				BUNDLE_LOADER = "$(TEST_HOST)";
				CODE_SIGN_STYLE = Automatic;
				DEVELOPMENT_TEAM = L96G5KY244;
				INFOPLIST_FILE = BrowserDemoTests/Info.plist;
				LD_RUNPATH_SEARCH_PATHS = (
					"$(inherited)",
					"@executable_path/Frameworks",
					"@loader_path/Frameworks",
				);
				PRODUCT_BUNDLE_IDENTIFIER = edu.cjcu.BrowserDemoTests;
				PRODUCT_NAME = "$(TARGET_NAME)";
				SWIFT_VERSION = 5.0;
				TARGETED_DEVICE_FAMILY = "1,2";
				TEST_HOST = "$(BUILT_PRODUCTS_DIR)/BrowserDemo.app/BrowserDemo";
			};
			name = Release;
		};
		0628A24322BD55C9006ABADB /* Debug */ = {
			isa = XCBuildConfiguration;
			buildSettings = {
				ALWAYS_EMBED_SWIFT_STANDARD_LIBRARIES = YES;
				CODE_SIGN_STYLE = Automatic;
				DEVELOPMENT_TEAM = L96G5KY244;
				INFOPLIST_FILE = BrowserDemoUITests/Info.plist;
				LD_RUNPATH_SEARCH_PATHS = (
					"$(inherited)",
					"@executable_path/Frameworks",
					"@loader_path/Frameworks",
				);
				PRODUCT_BUNDLE_IDENTIFIER = edu.cjcu.BrowserDemoUITests;
				PRODUCT_NAME = "$(TARGET_NAME)";
				SWIFT_VERSION = 5.0;
				TARGETED_DEVICE_FAMILY = "1,2";
				TEST_TARGET_NAME = BrowserDemo;
			};
			name = Debug;
		};
		0628A24422BD55C9006ABADB /* Release */ = {
			isa = XCBuildConfiguration;
			buildSettings = {
				ALWAYS_EMBED_SWIFT_STANDARD_LIBRARIES = YES;
				CODE_SIGN_STYLE = Automatic;
				DEVELOPMENT_TEAM = L96G5KY244;
				INFOPLIST_FILE = BrowserDemoUITests/Info.plist;
				LD_RUNPATH_SEARCH_PATHS = (
					"$(inherited)",
					"@executable_path/Frameworks",
					"@loader_path/Frameworks",
				);
				PRODUCT_BUNDLE_IDENTIFIER = edu.cjcu.BrowserDemoUITests;
				PRODUCT_NAME = "$(TARGET_NAME)";
				SWIFT_VERSION = 5.0;
				TARGETED_DEVICE_FAMILY = "1,2";
				TEST_TARGET_NAME = BrowserDemo;
			};
			name = Release;
		};
/* End XCBuildConfiguration section */

/* Begin XCConfigurationList section */
		0628A20F22BD55C8006ABADB /* Build configuration list for PBXProject "BrowserDemo" */ = {
			isa = XCConfigurationList;
			buildConfigurations = (
				0628A23A22BD55C9006ABADB /* Debug */,
				0628A23B22BD55C9006ABADB /* Release */,
			);
			defaultConfigurationIsVisible = 0;
			defaultConfigurationName = Release;
		};
		0628A23C22BD55C9006ABADB /* Build configuration list for PBXNativeTarget "BrowserDemo" */ = {
			isa = XCConfigurationList;
			buildConfigurations = (
				0628A23D22BD55C9006ABADB /* Debug */,
				0628A23E22BD55C9006ABADB /* Release */,
			);
			defaultConfigurationIsVisible = 0;
			defaultConfigurationName = Release;
		};
		0628A23F22BD55C9006ABADB /* Build configuration list for PBXNativeTarget "BrowserDemoTests" */ = {
			isa = XCConfigurationList;
			buildConfigurations = (
				0628A24022BD55C9006ABADB /* Debug */,
				0628A24122BD55C9006ABADB /* Release */,
			);
			defaultConfigurationIsVisible = 0;
			defaultConfigurationName = Release;
		};
		0628A24222BD55C9006ABADB /* Build configuration list for PBXNativeTarget "BrowserDemoUITests" */ = {
			isa = XCConfigurationList;
			buildConfigurations = (
				0628A24322BD55C9006ABADB /* Debug */,
				0628A24422BD55C9006ABADB /* Release */,
			);
			defaultConfigurationIsVisible = 0;
			defaultConfigurationName = Release;
		};
/* End XCConfigurationList section */
	};
	rootObject = 0628A20C22BD55C8006ABADB /* Project object */;
}
